
Microsoft Visual Studio Solution File, Format Version 12.00
# Visual Studio Version 16
VisualStudioVersion = 16.0.29209.62
MinimumVisualStudioVersion = 10.0.40219.1
Project("{888888A0-9F3D-457C-B088-3A5042F75D52}") = "lot_time", "lot_time\lot_time.pyproj", "{288D286A-AE1F-44AF-B0B5-17EEDFFE822C}"
EndProject
Global
	GlobalSection(SolutionConfigurationPlatforms) = preSolution
		Debug|Any CPU = Debug|Any CPU
		Release|Any CPU = Release|Any CPU
	EndGlobalSection
	GlobalSection(ProjectConfigurationPlatforms) = postSolution
		{288D286A-AE1F-44AF-B0B5-17EEDFFE822C}.Debug|Any CPU.ActiveCfg = Debug|Any CPU
		{288D286A-AE1F-44AF-B0B5-17EEDFFE822C}.Release|Any CPU.ActiveCfg = Release|Any CPU
	EndGlobalSection
	GlobalSection(SolutionProperties) = preSolution
		HideSolutionNode = FALSE
	EndGlobalSection
	GlobalSection(ExtensibilityGlobals) = postSolution
		SolutionGuid = {1BE465D9-E90D-4454-9577-820ED7017281}
	EndGlobalSection
EndGlobal
